
Microsoft Visual Studio Solution File, Format Version 12.00
# Visual Studio 14
VisualStudioVersion = 14.0.24720.0
MinimumVisualStudioVersion = 10.0.40219.1
Project("{8BB2217D-0F2D-49D1-97BC-3654ED321F3B}") = "QueryableDataBroker", "QueryableDataBroker\QueryableDataBroker.xproj", "{7C5007E7-7CE2-4798-8730-6D532CFAE8A1}"
EndProject
Project("{8BB2217D-0F2D-49D1-97BC-3654ED321F3B}") = "QueryableDataBroker.Tests", "QueryableDataBroker.Tests\QueryableDataBroker.Tests.xproj", "{9D0815AF-2F34-4F91-B12D-8F5994B78768}"
	ProjectSection(ProjectDependencies) = postProject
		{7C5007E7-7CE2-4798-8730-6D532CFAE8A1} = {7C5007E7-7CE2-4798-8730-6D532CFAE8A1}
	EndProjectSection
EndProject
Project("{2150E333-8FDC-42A3-9474-1A3956D46DE8}") = "Solution Items", "Solution Items", "{0C026D1D-9C21-46BC-9FF6-D001FBC17506}"
	ProjectSection(SolutionItems) = preProject
		global.json = global.json
	EndProjectSection
EndProject
Project("{8BB2217D-0F2D-49D1-97BC-3654ED321F3B}") = "QueryableDataBroker.MVCSample", "QueryableDataBroker.MVCSample\QueryableDataBroker.MVCSample.xproj", "{B3F09B94-F226-4001-ADF4-33D330D1FA49}"
EndProject
Global
	GlobalSection(SolutionConfigurationPlatforms) = preSolution
		Debug|Any CPU = Debug|Any CPU
		Release|Any CPU = Release|Any CPU
	EndGlobalSection
	GlobalSection(ProjectConfigurationPlatforms) = postSolution
		{7C5007E7-7CE2-4798-8730-6D532CFAE8A1}.Debug|Any CPU.ActiveCfg = Debug|Any CPU
		{7C5007E7-7CE2-4798-8730-6D532CFAE8A1}.Debug|Any CPU.Build.0 = Debug|Any CPU
		{7C5007E7-7CE2-4798-8730-6D532CFAE8A1}.Release|Any CPU.ActiveCfg = Release|Any CPU
		{7C5007E7-7CE2-4798-8730-6D532CFAE8A1}.Release|Any CPU.Build.0 = Release|Any CPU
		{9D0815AF-2F34-4F91-B12D-8F5994B78768}.Debug|Any CPU.ActiveCfg = Debug|Any CPU
		{9D0815AF-2F34-4F91-B12D-8F5994B78768}.Debug|Any CPU.Build.0 = Debug|Any CPU
		{9D0815AF-2F34-4F91-B12D-8F5994B78768}.Release|Any CPU.ActiveCfg = Release|Any CPU
		{9D0815AF-2F34-4F91-B12D-8F5994B78768}.Release|Any CPU.Build.0 = Release|Any CPU
		{B3F09B94-F226-4001-ADF4-33D330D1FA49}.Debug|Any CPU.ActiveCfg = Debug|Any CPU
		{B3F09B94-F226-4001-ADF4-33D330D1FA49}.Debug|Any CPU.Build.0 = Debug|Any CPU
		{B3F09B94-F226-4001-ADF4-33D330D1FA49}.Release|Any CPU.ActiveCfg = Release|Any CPU
		{B3F09B94-F226-4001-ADF4-33D330D1FA49}.Release|Any CPU.Build.0 = Release|Any CPU
	EndGlobalSection
	GlobalSection(SolutionProperties) = preSolution
		HideSolutionNode = FALSE
	EndGlobalSection
EndGlobal
